[{<<"epgsql">>,
  {git,"https://github.com/epgsql/epgsql",
       {ref,"9f52f198c15a7f5d364c3dd8413030e9d02e4e80"}},
  1},
 {<<"epgsql_pool">>,
  {git,"https://stash.wargaming.net/scm/wgwebc/epgsql_pool.git",
       {ref,"7cb34662bfa87a694bd7455bf0c0bc198661d82e"}},
  0},
 {<<"goldrush">>,
  {git,"git://github.com/DeadZen/goldrush.git",
       {ref,"64864ba7fcf40988361340e48680b49a2c2938cf"}},
  1},
 {<<"herd">>,
  {git,"https://github.com/wgnet/herd",
       {ref,"7bb6bd8c59e8adc153c0cf2e9ffbbc55117be389"}},
  1},
 {<<"lager">>,
  {git,"https://github.com/basho/lager.git",
       {ref,"cbf6679c6a693772fd1629c9cdc093e4c6c4ebf8"}},
  0},
 {<<"pooler">>,
  {git,"https://github.com/seth/pooler",
       {ref,"b6c522a67a1d067122705ef725535a8664dd8514"}},
  1}].
